### YamlMime:ManagedReference
items:
- uid: ingot.Core.Behaviour.Block
  commentId: N:ingot.Core.Behaviour.Block
  id: ingot.Core.Behaviour.Block
  children:
  - ingot.Core.Behaviour.Block.Block
  - ingot.Core.Behaviour.Block.BlockPermutation
  - ingot.Core.Behaviour.Block.MaterialInstance
  - ingot.Core.Behaviour.Block.MaterialInstance.RenderMethods
  - ingot.Core.Behaviour.Block.MaterialInstance.TintMethods
  - ingot.Core.Behaviour.Block.MaterialInstances
  langs:
  - csharp
  - vb
  name: ingot.Core.Behaviour.Block
  nameWithType: ingot.Core.Behaviour.Block
  fullName: ingot.Core.Behaviour.Block
  type: Namespace
  assemblies:
  - ingot.Core
references:
- uid: ingot.Core.Behaviour.Block.Block
  commentId: T:ingot.Core.Behaviour.Block.Block
  parent: ingot.Core.Behaviour.Block
  href: ingot.Core.Behaviour.Block.Block.html
  name: Block
  nameWithType: Block
  fullName: ingot.Core.Behaviour.Block.Block
- uid: ingot.Core.Behaviour.Block.BlockPermutation
  commentId: T:ingot.Core.Behaviour.Block.BlockPermutation
  parent: ingot.Core.Behaviour.Block
  href: ingot.Core.Behaviour.Block.BlockPermutation.html
  name: BlockPermutation
  nameWithType: BlockPermutation
  fullName: ingot.Core.Behaviour.Block.BlockPermutation
- uid: ingot.Core.Behaviour.Block.MaterialInstance
  commentId: T:ingot.Core.Behaviour.Block.MaterialInstance
  parent: ingot.Core.Behaviour.Block
  href: ingot.Core.Behaviour.Block.MaterialInstance.html
  name: MaterialInstance
  nameWithType: MaterialInstance
  fullName: ingot.Core.Behaviour.Block.MaterialInstance
- uid: ingot.Core.Behaviour.Block.MaterialInstance.RenderMethods
  commentId: T:ingot.Core.Behaviour.Block.MaterialInstance.RenderMethods
  parent: ingot.Core.Behaviour.Block
  href: ingot.Core.Behaviour.Block.MaterialInstance.html
  name: MaterialInstance.RenderMethods
  nameWithType: MaterialInstance.RenderMethods
  fullName: ingot.Core.Behaviour.Block.MaterialInstance.RenderMethods
  spec.csharp:
  - uid: ingot.Core.Behaviour.Block.MaterialInstance
    name: MaterialInstance
    href: ingot.Core.Behaviour.Block.MaterialInstance.html
  - name: .
  - uid: ingot.Core.Behaviour.Block.MaterialInstance.RenderMethods
    name: RenderMethods
    href: ingot.Core.Behaviour.Block.MaterialInstance.RenderMethods.html
  spec.vb:
  - uid: ingot.Core.Behaviour.Block.MaterialInstance
    name: MaterialInstance
    href: ingot.Core.Behaviour.Block.MaterialInstance.html
  - name: .
  - uid: ingot.Core.Behaviour.Block.MaterialInstance.RenderMethods
    name: RenderMethods
    href: ingot.Core.Behaviour.Block.MaterialInstance.RenderMethods.html
- uid: ingot.Core.Behaviour.Block.MaterialInstance.TintMethods
  commentId: T:ingot.Core.Behaviour.Block.MaterialInstance.TintMethods
  parent: ingot.Core.Behaviour.Block
  href: ingot.Core.Behaviour.Block.MaterialInstance.html
  name: MaterialInstance.TintMethods
  nameWithType: MaterialInstance.TintMethods
  fullName: ingot.Core.Behaviour.Block.MaterialInstance.TintMethods
  spec.csharp:
  - uid: ingot.Core.Behaviour.Block.MaterialInstance
    name: MaterialInstance
    href: ingot.Core.Behaviour.Block.MaterialInstance.html
  - name: .
  - uid: ingot.Core.Behaviour.Block.MaterialInstance.TintMethods
    name: TintMethods
    href: ingot.Core.Behaviour.Block.MaterialInstance.TintMethods.html
  spec.vb:
  - uid: ingot.Core.Behaviour.Block.MaterialInstance
    name: MaterialInstance
    href: ingot.Core.Behaviour.Block.MaterialInstance.html
  - name: .
  - uid: ingot.Core.Behaviour.Block.MaterialInstance.TintMethods
    name: TintMethods
    href: ingot.Core.Behaviour.Block.MaterialInstance.TintMethods.html
- uid: ingot.Core.Behaviour.Block.MaterialInstances
  commentId: T:ingot.Core.Behaviour.Block.MaterialInstances
  parent: ingot.Core.Behaviour.Block
  href: ingot.Core.Behaviour.Block.MaterialInstances.html
  name: MaterialInstances
  nameWithType: MaterialInstances
  fullName: ingot.Core.Behaviour.Block.MaterialInstances
- uid: ingot.Core.Behaviour.Block
  commentId: N:ingot.Core.Behaviour.Block
  href: ingot.html
  name: ingot.Core.Behaviour.Block
  nameWithType: ingot.Core.Behaviour.Block
  fullName: ingot.Core.Behaviour.Block
  spec.csharp:
  - uid: ingot
    name: ingot
    href: ingot.html
  - name: .
  - uid: ingot.Core
    name: Core
    href: ingot.Core.html
  - name: .
  - uid: ingot.Core.Behaviour
    name: Behaviour
    href: ingot.Core.Behaviour.html
  - name: .
  - uid: ingot.Core.Behaviour.Block
    name: Block
    href: ingot.Core.Behaviour.Block.html
  spec.vb:
  - uid: ingot
    name: ingot
    href: ingot.html
  - name: .
  - uid: ingot.Core
    name: Core
    href: ingot.Core.html
  - name: .
  - uid: ingot.Core.Behaviour
    name: Behaviour
    href: ingot.Core.Behaviour.html
  - name: .
  - uid: ingot.Core.Behaviour.Block
    name: Block
    href: ingot.Core.Behaviour.Block.html
