### YamlMime:ManagedReference
items:
- uid: ingot.Core.Content.Block.Block
  commentId: T:ingot.Core.Content.Block.Block
  id: Block
  parent: ingot.Core.Content.Block
  children:
  - ingot.Core.Content.Block.Block.Compile(System.Type)
  - ingot.Core.Content.Block.Block.Compile``1
  - ingot.Core.Content.Block.Block.DisplayName
  - ingot.Core.Content.Block.Block.FormatVersion
  - ingot.Core.Content.Block.Block.Friction
  - ingot.Core.Content.Block.Block.Identifier
  - ingot.Core.Content.Block.Block.LightDampening
  - ingot.Core.Content.Block.Block.LightEmission
  - ingot.Core.Content.Block.Block.Loot
  - ingot.Core.Content.Block.Block.MaterialInstances
  - ingot.Core.Content.Block.Block.Permutations
  - ingot.Core.Content.Block.Block.Replaceable
  - ingot.Core.Content.Block.Block.States
  langs:
  - csharp
  - vb
  name: Block
  nameWithType: Block
  fullName: ingot.Core.Content.Block.Block
  type: Class
  source:
    remote:
      path: ingot.Core/Content/Block/Block.cs
      branch: master
      repo: https://github.com/pyroboots/ingot.git
    id: Block
    path: ../ingot.Core/Content/Block/Block.cs
    startLine: 9
  assemblies:
  - ingot.Core
  namespace: ingot.Core.Content.Block
  summary: Implements basic properties of a block
  example: []
  syntax:
    content: public abstract class Block
    content.vb: Public MustInherit Class Block
  inheritance:
  - System.Object
  derivedClasses:
  - ingot.Example.DenseLasagnaBlock
  inheritedMembers:
  - System.Object.Equals(System.Object)
  - System.Object.Equals(System.Object,System.Object)
  - System.Object.GetHashCode
  - System.Object.GetType
  - System.Object.MemberwiseClone
  - System.Object.ReferenceEquals(System.Object,System.Object)
  - System.Object.ToString
- uid: ingot.Core.Content.Block.Block.Identifier
  commentId: P:ingot.Core.Content.Block.Block.Identifier
  id: Identifier
  parent: ingot.Core.Content.Block.Block
  langs:
  - csharp
  - vb
  name: Identifier
  nameWithType: Block.Identifier
  fullName: ingot.Core.Content.Block.Block.Identifier
  type: Property
  source:
    remote:
      path: ingot.Core/Content/Block/Block.cs
      branch: master
      repo: https://github.com/pyroboots/ingot.git
    id: Identifier
    path: ../ingot.Core/Content/Block/Block.cs
    startLine: 14
  assemblies:
  - ingot.Core
  namespace: ingot.Core.Content.Block
  summary: Block identifier used in the game
  example: []
  syntax:
    content: public abstract string Identifier { get; }
    parameters: []
    return:
      type: System.String
    content.vb: Public MustOverride ReadOnly Property Identifier As String
  overload: ingot.Core.Content.Block.Block.Identifier*
- uid: ingot.Core.Content.Block.Block.FormatVersion
  commentId: P:ingot.Core.Content.Block.Block.FormatVersion
  id: FormatVersion
  parent: ingot.Core.Content.Block.Block
  langs:
  - csharp
  - vb
  name: FormatVersion
  nameWithType: Block.FormatVersion
  fullName: ingot.Core.Content.Block.Block.FormatVersion
  type: Property
  source:
    remote:
      path: ingot.Core/Content/Block/Block.cs
      branch: master
      repo: https://github.com/pyroboots/ingot.git
    id: FormatVersion
    path: ../ingot.Core/Content/Block/Block.cs
    startLine: 18
  assemblies:
  - ingot.Core
  namespace: ingot.Core.Content.Block
  summary: Minimum component version
  example: []
  syntax:
    content: public virtual Version FormatVersion { get; }
    parameters: []
    return:
      type: System.Version
    content.vb: Public Overridable ReadOnly Property FormatVersion As Version
  overload: ingot.Core.Content.Block.Block.FormatVersion*
- uid: ingot.Core.Content.Block.Block.States
  commentId: P:ingot.Core.Content.Block.Block.States
  id: States
  parent: ingot.Core.Content.Block.Block
  langs:
  - csharp
  - vb
  name: States
  nameWithType: Block.States
  fullName: ingot.Core.Content.Block.Block.States
  type: Property
  source:
    remote:
      path: ingot.Core/Content/Block/Block.cs
      branch: master
      repo: https://github.com/pyroboots/ingot.git
    id: States
    path: ../ingot.Core/Content/Block/Block.cs
    startLine: 23
  assemblies:
  - ingot.Core
  namespace: ingot.Core.Content.Block
  summary: 'Dictionary of possible block states. Valid state types are: <xref href="System.Int32" data-throw-if-not-resolved="false"></xref>[], <xref href="System.Single" data-throw-if-not-resolved="false"></xref>[], <xref href="System.Boolean" data-throw-if-not-resolved="false"></xref>[], <xref href="System.String" data-throw-if-not-resolved="false"></xref>[],'
  example: []
  syntax:
    content: public virtual Dictionary<string, dynamic[]> States { get; }
    parameters: []
    return:
      type: System.Collections.Generic.Dictionary{System.String,System.Object[]}
    content.vb: Public Overridable ReadOnly Property States As Dictionary(Of String, Object())
  overload: ingot.Core.Content.Block.Block.States*
- uid: ingot.Core.Content.Block.Block.Permutations
  commentId: P:ingot.Core.Content.Block.Block.Permutations
  id: Permutations
  parent: ingot.Core.Content.Block.Block
  langs:
  - csharp
  - vb
  name: Permutations
  nameWithType: Block.Permutations
  fullName: ingot.Core.Content.Block.Block.Permutations
  type: Property
  source:
    remote:
      path: ingot.Core/Content/Block/Block.cs
      branch: master
      repo: https://github.com/pyroboots/ingot.git
    id: Permutations
    path: ../ingot.Core/Content/Block/Block.cs
    startLine: 27
  assemblies:
  - ingot.Core
  namespace: ingot.Core.Content.Block
  summary: List of possible block permutations
  example: []
  syntax:
    content: public virtual List<BlockPermutation> Permutations { get; }
    parameters: []
    return:
      type: System.Collections.Generic.List{ingot.Core.Content.Block.BlockPermutation}
    content.vb: Public Overridable ReadOnly Property Permutations As List(Of BlockPermutation)
  overload: ingot.Core.Content.Block.Block.Permutations*
- uid: ingot.Core.Content.Block.Block.DisplayName
  commentId: P:ingot.Core.Content.Block.Block.DisplayName
  id: DisplayName
  parent: ingot.Core.Content.Block.Block
  langs:
  - csharp
  - vb
  name: DisplayName
  nameWithType: Block.DisplayName
  fullName: ingot.Core.Content.Block.Block.DisplayName
  type: Property
  source:
    remote:
      path: ingot.Core/Content/Block/Block.cs
      branch: master
      repo: https://github.com/pyroboots/ingot.git
    id: DisplayName
    path: ../ingot.Core/Content/Block/Block.cs
    startLine: 32
  assemblies:
  - ingot.Core
  namespace: ingot.Core.Content.Block
  summary: Shortcut for the <code>minecraft:display_name</code> component
  example: []
  syntax:
    content: public virtual string? DisplayName { get; }
    parameters: []
    return:
      type: System.String
    content.vb: Public Overridable ReadOnly Property DisplayName As String
  overload: ingot.Core.Content.Block.Block.DisplayName*
- uid: ingot.Core.Content.Block.Block.Friction
  commentId: P:ingot.Core.Content.Block.Block.Friction
  id: Friction
  parent: ingot.Core.Content.Block.Block
  langs:
  - csharp
  - vb
  name: Friction
  nameWithType: Block.Friction
  fullName: ingot.Core.Content.Block.Block.Friction
  type: Property
  source:
    remote:
      path: ingot.Core/Content/Block/Block.cs
      branch: master
      repo: https://github.com/pyroboots/ingot.git
    id: Friction
    path: ../ingot.Core/Content/Block/Block.cs
    startLine: 36
  assemblies:
  - ingot.Core
  namespace: ingot.Core.Content.Block
  summary: Shortcut for the <code>minecraft:friction</code> component
  example: []
  syntax:
    content: public virtual float? Friction { get; }
    parameters: []
    return:
      type: System.Nullable{System.Single}
    content.vb: Public Overridable ReadOnly Property Friction As Single?
  overload: ingot.Core.Content.Block.Block.Friction*
- uid: ingot.Core.Content.Block.Block.LightDampening
  commentId: P:ingot.Core.Content.Block.Block.LightDampening
  id: LightDampening
  parent: ingot.Core.Content.Block.Block
  langs:
  - csharp
  - vb
  name: LightDampening
  nameWithType: Block.LightDampening
  fullName: ingot.Core.Content.Block.Block.LightDampening
  type: Property
  source:
    remote:
      path: ingot.Core/Content/Block/Block.cs
      branch: master
      repo: https://github.com/pyroboots/ingot.git
    id: LightDampening
    path: ../ingot.Core/Content/Block/Block.cs
    startLine: 40
  assemblies:
  - ingot.Core
  namespace: ingot.Core.Content.Block
  summary: Shortcut for the <code>minecraft:light_dampening</code> component
  example: []
  syntax:
    content: public virtual int? LightDampening { get; }
    parameters: []
    return:
      type: System.Nullable{System.Int32}
    content.vb: Public Overridable ReadOnly Property LightDampening As Integer?
  overload: ingot.Core.Content.Block.Block.LightDampening*
- uid: ingot.Core.Content.Block.Block.LightEmission
  commentId: P:ingot.Core.Content.Block.Block.LightEmission
  id: LightEmission
  parent: ingot.Core.Content.Block.Block
  langs:
  - csharp
  - vb
  name: LightEmission
  nameWithType: Block.LightEmission
  fullName: ingot.Core.Content.Block.Block.LightEmission
  type: Property
  source:
    remote:
      path: ingot.Core/Content/Block/Block.cs
      branch: master
      repo: https://github.com/pyroboots/ingot.git
    id: LightEmission
    path: ../ingot.Core/Content/Block/Block.cs
    startLine: 44
  assemblies:
  - ingot.Core
  namespace: ingot.Core.Content.Block
  summary: Shortcut for the <code>minecraft:light_emission</code> component
  example: []
  syntax:
    content: public virtual int? LightEmission { get; }
    parameters: []
    return:
      type: System.Nullable{System.Int32}
    content.vb: Public Overridable ReadOnly Property LightEmission As Integer?
  overload: ingot.Core.Content.Block.Block.LightEmission*
- uid: ingot.Core.Content.Block.Block.Replaceable
  commentId: P:ingot.Core.Content.Block.Block.Replaceable
  id: Replaceable
  parent: ingot.Core.Content.Block.Block
  langs:
  - csharp
  - vb
  name: Replaceable
  nameWithType: Block.Replaceable
  fullName: ingot.Core.Content.Block.Block.Replaceable
  type: Property
  source:
    remote:
      path: ingot.Core/Content/Block/Block.cs
      branch: master
      repo: https://github.com/pyroboots/ingot.git
    id: Replaceable
    path: ../ingot.Core/Content/Block/Block.cs
    startLine: 48
  assemblies:
  - ingot.Core
  namespace: ingot.Core.Content.Block
  summary: Shortcut for the <code>minecraft:replaceable</code> component
  example: []
  syntax:
    content: public virtual bool? Replaceable { get; }
    parameters: []
    return:
      type: System.Nullable{System.Boolean}
    content.vb: Public Overridable ReadOnly Property Replaceable As Boolean?
  overload: ingot.Core.Content.Block.Block.Replaceable*
- uid: ingot.Core.Content.Block.Block.Loot
  commentId: P:ingot.Core.Content.Block.Block.Loot
  id: Loot
  parent: ingot.Core.Content.Block.Block
  langs:
  - csharp
  - vb
  name: Loot
  nameWithType: Block.Loot
  fullName: ingot.Core.Content.Block.Block.Loot
  type: Property
  source:
    remote:
      path: ingot.Core/Content/Block/Block.cs
      branch: master
      repo: https://github.com/pyroboots/ingot.git
    id: Loot
    path: ../ingot.Core/Content/Block/Block.cs
    startLine: 52
  assemblies:
  - ingot.Core
  namespace: ingot.Core.Content.Block
  summary: Shortcut for the <code>minecraft:loot</code> component
  example: []
  syntax:
    content: public virtual string? Loot { get; }
    parameters: []
    return:
      type: System.String
    content.vb: Public Overridable ReadOnly Property Loot As String
  overload: ingot.Core.Content.Block.Block.Loot*
- uid: ingot.Core.Content.Block.Block.MaterialInstances
  commentId: P:ingot.Core.Content.Block.Block.MaterialInstances
  id: MaterialInstances
  parent: ingot.Core.Content.Block.Block
  langs:
  - csharp
  - vb
  name: MaterialInstances
  nameWithType: Block.MaterialInstances
  fullName: ingot.Core.Content.Block.Block.MaterialInstances
  type: Property
  source:
    remote:
      path: ingot.Core/Content/Block/Block.cs
      branch: master
      repo: https://github.com/pyroboots/ingot.git
    id: MaterialInstances
    path: ../ingot.Core/Content/Block/Block.cs
    startLine: 56
  assemblies:
  - ingot.Core
  namespace: ingot.Core.Content.Block
  summary: Texture and materials for the <xref href="ingot.Core.Content.Block.Block" data-throw-if-not-resolved="false"></xref>. Shortcut for the <code>minecraft:material_instances</code> component
  example: []
  syntax:
    content: public abstract MaterialInstances MaterialInstances { get; }
    parameters: []
    return:
      type: ingot.Core.Content.Block.MaterialInstances
    content.vb: Public MustOverride ReadOnly Property MaterialInstances As MaterialInstances
  overload: ingot.Core.Content.Block.Block.MaterialInstances*
- uid: ingot.Core.Content.Block.Block.Compile``1
  commentId: M:ingot.Core.Content.Block.Block.Compile``1
  id: Compile``1
  parent: ingot.Core.Content.Block.Block
  langs:
  - csharp
  - vb
  name: Compile<TBlock>()
  nameWithType: Block.Compile<TBlock>()
  fullName: ingot.Core.Content.Block.Block.Compile<TBlock>()
  type: Method
  source:
    remote:
      path: ingot.Core/Content/Block/Block.cs
      branch: master
      repo: https://github.com/pyroboots/ingot.git
    id: Compile
    path: ../ingot.Core/Content/Block/Block.cs
    startLine: 62
  assemblies:
  - ingot.Core
  namespace: ingot.Core.Content.Block
  summary: Compiles the <code class="typeparamref">TBlock</code> to JSON
  example: []
  syntax:
    content: 'public static string Compile<TBlock>() where TBlock : Block, new()'
    typeParameters:
    - id: TBlock
      description: The type class to compile
    return:
      type: System.String
    content.vb: Public Shared Function Compile(Of TBlock As {Block, New})() As String
  overload: ingot.Core.Content.Block.Block.Compile*
  nameWithType.vb: Block.Compile(Of TBlock)()
  fullName.vb: ingot.Core.Content.Block.Block.Compile(Of TBlock)()
  name.vb: Compile(Of TBlock)()
- uid: ingot.Core.Content.Block.Block.Compile(System.Type)
  commentId: M:ingot.Core.Content.Block.Block.Compile(System.Type)
  id: Compile(System.Type)
  parent: ingot.Core.Content.Block.Block
  langs:
  - csharp
  - vb
  name: Compile(Type)
  nameWithType: Block.Compile(Type)
  fullName: ingot.Core.Content.Block.Block.Compile(System.Type)
  type: Method
  source:
    remote:
      path: ingot.Core/Content/Block/Block.cs
      branch: master
      repo: https://github.com/pyroboots/ingot.git
    id: Compile
    path: ../ingot.Core/Content/Block/Block.cs
    startLine: 63
  assemblies:
  - ingot.Core
  namespace: ingot.Core.Content.Block
  syntax:
    content: public static string Compile(Type tBlock)
    parameters:
    - id: tBlock
      type: System.Type
    return:
      type: System.String
    content.vb: Public Shared Function Compile(tBlock As Type) As String
  overload: ingot.Core.Content.Block.Block.Compile*
references:
- uid: ingot.Core.Content.Block
  commentId: N:ingot.Core.Content.Block
  href: ingot.html
  name: ingot.Core.Content.Block
  nameWithType: ingot.Core.Content.Block
  fullName: ingot.Core.Content.Block
  spec.csharp:
  - uid: ingot
    name: ingot
    href: ingot.html
  - name: .
  - uid: ingot.Core
    name: Core
    href: ingot.Core.html
  - name: .
  - uid: ingot.Core.Content
    name: Content
    href: ingot.Core.Content.html
  - name: .
  - uid: ingot.Core.Content.Block
    name: Block
    href: ingot.Core.Content.Block.html
  spec.vb:
  - uid: ingot
    name: ingot
    href: ingot.html
  - name: .
  - uid: ingot.Core
    name: Core
    href: ingot.Core.html
  - name: .
  - uid: ingot.Core.Content
    name: Content
    href: ingot.Core.Content.html
  - name: .
  - uid: ingot.Core.Content.Block
    name: Block
    href: ingot.Core.Content.Block.html
- uid: System.Object
  commentId: T:System.Object
  parent: System
  isExternal: true
  href: https://learn.microsoft.com/dotnet/api/system.object
  name: object
  nameWithType: object
  fullName: object
  nameWithType.vb: Object
  fullName.vb: Object
  name.vb: Object
- uid: System.Object.Equals(System.Object)
  commentId: M:System.Object.Equals(System.Object)
  parent: System.Object
  isExternal: true
  href: https://learn.microsoft.com/dotnet/api/system.object.equals#system-object-equals(system-object)
  name: Equals(object)
  nameWithType: object.Equals(object)
  fullName: object.Equals(object)
  nameWithType.vb: Object.Equals(Object)
  fullName.vb: Object.Equals(Object)
  name.vb: Equals(Object)
  spec.csharp:
  - uid: System.Object.Equals(System.Object)
    name: Equals
    isExternal: true
    href: https://learn.microsoft.com/dotnet/api/system.object.equals#system-object-equals(system-object)
  - name: (
  - uid: System.Object
    name: object
    isExternal: true
    href: https://learn.microsoft.com/dotnet/api/system.object
  - name: )
  spec.vb:
  - uid: System.Object.Equals(System.Object)
    name: Equals
    isExternal: true
    href: https://learn.microsoft.com/dotnet/api/system.object.equals#system-object-equals(system-object)
  - name: (
  - uid: System.Object
    name: Object
    isExternal: true
    href: https://learn.microsoft.com/dotnet/api/system.object
  - name: )
- uid: System.Object.Equals(System.Object,System.Object)
  commentId: M:System.Object.Equals(System.Object,System.Object)
  parent: System.Object
  isExternal: true
  href: https://learn.microsoft.com/dotnet/api/system.object.equals#system-object-equals(system-object-system-object)
  name: Equals(object, object)
  nameWithType: object.Equals(object, object)
  fullName: object.Equals(object, object)
  nameWithType.vb: Object.Equals(Object, Object)
  fullName.vb: Object.Equals(Object, Object)
  name.vb: Equals(Object, Object)
  spec.csharp:
  - uid: System.Object.Equals(System.Object,System.Object)
    name: Equals
    isExternal: true
    href: https://learn.microsoft.com/dotnet/api/system.object.equals#system-object-equals(system-object-system-object)
  - name: (
  - uid: System.Object
    name: object
    isExternal: true
    href: https://learn.microsoft.com/dotnet/api/system.object
  - name: ','
  - name: " "
  - uid: System.Object
    name: object
    isExternal: true
    href: https://learn.microsoft.com/dotnet/api/system.object
  - name: )
  spec.vb:
  - uid: System.Object.Equals(System.Object,System.Object)
    name: Equals
    isExternal: true
    href: https://learn.microsoft.com/dotnet/api/system.object.equals#system-object-equals(system-object-system-object)
  - name: (
  - uid: System.Object
    name: Object
    isExternal: true
    href: https://learn.microsoft.com/dotnet/api/system.object
  - name: ','
  - name: " "
  - uid: System.Object
    name: Object
    isExternal: true
    href: https://learn.microsoft.com/dotnet/api/system.object
  - name: )
- uid: System.Object.GetHashCode
  commentId: M:System.Object.GetHashCode
  parent: System.Object
  isExternal: true
  href: https://learn.microsoft.com/dotnet/api/system.object.gethashcode
  name: GetHashCode()
  nameWithType: object.GetHashCode()
  fullName: object.GetHashCode()
  nameWithType.vb: Object.GetHashCode()
  fullName.vb: Object.GetHashCode()
  spec.csharp:
  - uid: System.Object.GetHashCode
    name: GetHashCode
    isExternal: true
    href: https://learn.microsoft.com/dotnet/api/system.object.gethashcode
  - name: (
  - name: )
  spec.vb:
  - uid: System.Object.GetHashCode
    name: GetHashCode
    isExternal: true
    href: https://learn.microsoft.com/dotnet/api/system.object.gethashcode
  - name: (
  - name: )
- uid: System.Object.GetType
  commentId: M:System.Object.GetType
  parent: System.Object
  isExternal: true
  href: https://learn.microsoft.com/dotnet/api/system.object.gettype
  name: GetType()
  nameWithType: object.GetType()
  fullName: object.GetType()
  nameWithType.vb: Object.GetType()
  fullName.vb: Object.GetType()
  spec.csharp:
  - uid: System.Object.GetType
    name: GetType
    isExternal: true
    href: https://learn.microsoft.com/dotnet/api/system.object.gettype
  - name: (
  - name: )
  spec.vb:
  - uid: System.Object.GetType
    name: GetType
    isExternal: true
    href: https://learn.microsoft.com/dotnet/api/system.object.gettype
  - name: (
  - name: )
- uid: System.Object.MemberwiseClone
  commentId: M:System.Object.MemberwiseClone
  parent: System.Object
  isExternal: true
  href: https://learn.microsoft.com/dotnet/api/system.object.memberwiseclone
  name: MemberwiseClone()
  nameWithType: object.MemberwiseClone()
  fullName: object.MemberwiseClone()
  nameWithType.vb: Object.MemberwiseClone()
  fullName.vb: Object.MemberwiseClone()
  spec.csharp:
  - uid: System.Object.MemberwiseClone
    name: MemberwiseClone
    isExternal: true
    href: https://learn.microsoft.com/dotnet/api/system.object.memberwiseclone
  - name: (
  - name: )
  spec.vb:
  - uid: System.Object.MemberwiseClone
    name: MemberwiseClone
    isExternal: true
    href: https://learn.microsoft.com/dotnet/api/system.object.memberwiseclone
  - name: (
  - name: )
- uid: System.Object.ReferenceEquals(System.Object,System.Object)
  commentId: M:System.Object.ReferenceEquals(System.Object,System.Object)
  parent: System.Object
  isExternal: true
  href: https://learn.microsoft.com/dotnet/api/system.object.referenceequals
  name: ReferenceEquals(object, object)
  nameWithType: object.ReferenceEquals(object, object)
  fullName: object.ReferenceEquals(object, object)
  nameWithType.vb: Object.ReferenceEquals(Object, Object)
  fullName.vb: Object.ReferenceEquals(Object, Object)
  name.vb: ReferenceEquals(Object, Object)
  spec.csharp:
  - uid: System.Object.ReferenceEquals(System.Object,System.Object)
    name: ReferenceEquals
    isExternal: true
    href: https://learn.microsoft.com/dotnet/api/system.object.referenceequals
  - name: (
  - uid: System.Object
    name: object
    isExternal: true
    href: https://learn.microsoft.com/dotnet/api/system.object
  - name: ','
  - name: " "
  - uid: System.Object
    name: object
    isExternal: true
    href: https://learn.microsoft.com/dotnet/api/system.object
  - name: )
  spec.vb:
  - uid: System.Object.ReferenceEquals(System.Object,System.Object)
    name: ReferenceEquals
    isExternal: true
    href: https://learn.microsoft.com/dotnet/api/system.object.referenceequals
  - name: (
  - uid: System.Object
    name: Object
    isExternal: true
    href: https://learn.microsoft.com/dotnet/api/system.object
  - name: ','
  - name: " "
  - uid: System.Object
    name: Object
    isExternal: true
    href: https://learn.microsoft.com/dotnet/api/system.object
  - name: )
- uid: System.Object.ToString
  commentId: M:System.Object.ToString
  parent: System.Object
  isExternal: true
  href: https://learn.microsoft.com/dotnet/api/system.object.tostring
  name: ToString()
  nameWithType: object.ToString()
  fullName: object.ToString()
  nameWithType.vb: Object.ToString()
  fullName.vb: Object.ToString()
  spec.csharp:
  - uid: System.Object.ToString
    name: ToString
    isExternal: true
    href: https://learn.microsoft.com/dotnet/api/system.object.tostring
  - name: (
  - name: )
  spec.vb:
  - uid: System.Object.ToString
    name: ToString
    isExternal: true
    href: https://learn.microsoft.com/dotnet/api/system.object.tostring
  - name: (
  - name: )
- uid: System
  commentId: N:System
  isExternal: true
  href: https://learn.microsoft.com/dotnet/api/system
  name: System
  nameWithType: System
  fullName: System
- uid: ingot.Core.Content.Block.Block.Identifier*
  commentId: Overload:ingot.Core.Content.Block.Block.Identifier
  href: ingot.Core.Content.Block.Block.html#ingot_Core_Content_Block_Block_Identifier
  name: Identifier
  nameWithType: Block.Identifier
  fullName: ingot.Core.Content.Block.Block.Identifier
- uid: System.String
  commentId: T:System.String
  parent: System
  isExternal: true
  href: https://learn.microsoft.com/dotnet/api/system.string
  name: string
  nameWithType: string
  fullName: string
  nameWithType.vb: String
  fullName.vb: String
  name.vb: String
- uid: ingot.Core.Content.Block.Block.FormatVersion*
  commentId: Overload:ingot.Core.Content.Block.Block.FormatVersion
  href: ingot.Core.Content.Block.Block.html#ingot_Core_Content_Block_Block_FormatVersion
  name: FormatVersion
  nameWithType: Block.FormatVersion
  fullName: ingot.Core.Content.Block.Block.FormatVersion
- uid: System.Version
  commentId: T:System.Version
  parent: System
  isExternal: true
  href: https://learn.microsoft.com/dotnet/api/system.version
  name: Version
  nameWithType: Version
  fullName: System.Version
- uid: System.Int32
  commentId: T:System.Int32
  parent: System
  isExternal: true
  href: https://learn.microsoft.com/dotnet/api/system.int32
  name: int
  nameWithType: int
  fullName: int
  nameWithType.vb: Integer
  fullName.vb: Integer
  name.vb: Integer
- uid: System.Single
  commentId: T:System.Single
  parent: System
  isExternal: true
  href: https://learn.microsoft.com/dotnet/api/system.single
  name: float
  nameWithType: float
  fullName: float
  nameWithType.vb: Single
  fullName.vb: Single
  name.vb: Single
- uid: System.Boolean
  commentId: T:System.Boolean
  parent: System
  isExternal: true
  href: https://learn.microsoft.com/dotnet/api/system.boolean
  name: bool
  nameWithType: bool
  fullName: bool
  nameWithType.vb: Boolean
  fullName.vb: Boolean
  name.vb: Boolean
- uid: ingot.Core.Content.Block.Block.States*
  commentId: Overload:ingot.Core.Content.Block.Block.States
  href: ingot.Core.Content.Block.Block.html#ingot_Core_Content_Block_Block_States
  name: States
  nameWithType: Block.States
  fullName: ingot.Core.Content.Block.Block.States
- uid: System.Collections.Generic.Dictionary{System.String,System.Object[]}
  commentId: T:System.Collections.Generic.Dictionary{System.String,System.Object[]}
  parent: System.Collections.Generic
  definition: System.Collections.Generic.Dictionary`2
  href: https://learn.microsoft.com/dotnet/api/system.collections.generic.dictionary-2
  name: Dictionary<string, dynamic[]>
  nameWithType: Dictionary<string, dynamic[]>
  fullName: System.Collections.Generic.Dictionary<string, dynamic[]>
  nameWithType.vb: Dictionary(Of String, Object())
  fullName.vb: System.Collections.Generic.Dictionary(Of String, Object())
  name.vb: Dictionary(Of String, Object())
  spec.csharp:
  - uid: System.Collections.Generic.Dictionary`2
    name: Dictionary
    isExternal: true
    href: https://learn.microsoft.com/dotnet/api/system.collections.generic.dictionary-2
  - name: <
  - uid: System.String
    name: string
    isExternal: true
    href: https://learn.microsoft.com/dotnet/api/system.string
  - name: ','
  - name: " "
  - uid: dynamic
    name: dynamic
    isExternal: true
  - name: '['
  - name: ']'
  - name: '>'
  spec.vb:
  - uid: System.Collections.Generic.Dictionary`2
    name: Dictionary
    isExternal: true
    href: https://learn.microsoft.com/dotnet/api/system.collections.generic.dictionary-2
  - name: (
  - name: Of
  - name: " "
  - uid: System.String
    name: String
    isExternal: true
    href: https://learn.microsoft.com/dotnet/api/system.string
  - name: ','
  - name: " "
  - name: Object
  - name: (
  - name: )
  - name: )
- uid: System.Collections.Generic.Dictionary`2
  commentId: T:System.Collections.Generic.Dictionary`2
  isExternal: true
  href: https://learn.microsoft.com/dotnet/api/system.collections.generic.dictionary-2
  name: Dictionary<TKey, TValue>
  nameWithType: Dictionary<TKey, TValue>
  fullName: System.Collections.Generic.Dictionary<TKey, TValue>
  nameWithType.vb: Dictionary(Of TKey, TValue)
  fullName.vb: System.Collections.Generic.Dictionary(Of TKey, TValue)
  name.vb: Dictionary(Of TKey, TValue)
  spec.csharp:
  - uid: System.Collections.Generic.Dictionary`2
    name: Dictionary
    isExternal: true
    href: https://learn.microsoft.com/dotnet/api/system.collections.generic.dictionary-2
  - name: <
  - name: TKey
  - name: ','
  - name: " "
  - name: TValue
  - name: '>'
  spec.vb:
  - uid: System.Collections.Generic.Dictionary`2
    name: Dictionary
    isExternal: true
    href: https://learn.microsoft.com/dotnet/api/system.collections.generic.dictionary-2
  - name: (
  - name: Of
  - name: " "
  - name: TKey
  - name: ','
  - name: " "
  - name: TValue
  - name: )
- uid: System.Collections.Generic
  commentId: N:System.Collections.Generic
  isExternal: true
  href: https://learn.microsoft.com/dotnet/api/system
  name: System.Collections.Generic
  nameWithType: System.Collections.Generic
  fullName: System.Collections.Generic
  spec.csharp:
  - uid: System
    name: System
    isExternal: true
    href: https://learn.microsoft.com/dotnet/api/system
  - name: .
  - uid: System.Collections
    name: Collections
    isExternal: true
    href: https://learn.microsoft.com/dotnet/api/system.collections
  - name: .
  - uid: System.Collections.Generic
    name: Generic
    isExternal: true
    href: https://learn.microsoft.com/dotnet/api/system.collections.generic
  spec.vb:
  - uid: System
    name: System
    isExternal: true
    href: https://learn.microsoft.com/dotnet/api/system
  - name: .
  - uid: System.Collections
    name: Collections
    isExternal: true
    href: https://learn.microsoft.com/dotnet/api/system.collections
  - name: .
  - uid: System.Collections.Generic
    name: Generic
    isExternal: true
    href: https://learn.microsoft.com/dotnet/api/system.collections.generic
- uid: ingot.Core.Content.Block.Block.Permutations*
  commentId: Overload:ingot.Core.Content.Block.Block.Permutations
  href: ingot.Core.Content.Block.Block.html#ingot_Core_Content_Block_Block_Permutations
  name: Permutations
  nameWithType: Block.Permutations
  fullName: ingot.Core.Content.Block.Block.Permutations
- uid: System.Collections.Generic.List{ingot.Core.Content.Block.BlockPermutation}
  commentId: T:System.Collections.Generic.List{ingot.Core.Content.Block.BlockPermutation}
  parent: System.Collections.Generic
  definition: System.Collections.Generic.List`1
  href: https://learn.microsoft.com/dotnet/api/system.collections.generic.list-1
  name: List<BlockPermutation>
  nameWithType: List<BlockPermutation>
  fullName: System.Collections.Generic.List<ingot.Core.Content.Block.BlockPermutation>
  nameWithType.vb: List(Of BlockPermutation)
  fullName.vb: System.Collections.Generic.List(Of ingot.Core.Content.Block.BlockPermutation)
  name.vb: List(Of BlockPermutation)
  spec.csharp:
  - uid: System.Collections.Generic.List`1
    name: List
    isExternal: true
    href: https://learn.microsoft.com/dotnet/api/system.collections.generic.list-1
  - name: <
  - uid: ingot.Core.Content.Block.BlockPermutation
    name: BlockPermutation
    href: ingot.Core.Content.Block.BlockPermutation.html
  - name: '>'
  spec.vb:
  - uid: System.Collections.Generic.List`1
    name: List
    isExternal: true
    href: https://learn.microsoft.com/dotnet/api/system.collections.generic.list-1
  - name: (
  - name: Of
  - name: " "
  - uid: ingot.Core.Content.Block.BlockPermutation
    name: BlockPermutation
    href: ingot.Core.Content.Block.BlockPermutation.html
  - name: )
- uid: System.Collections.Generic.List`1
  commentId: T:System.Collections.Generic.List`1
  isExternal: true
  href: https://learn.microsoft.com/dotnet/api/system.collections.generic.list-1
  name: List<T>
  nameWithType: List<T>
  fullName: System.Collections.Generic.List<T>
  nameWithType.vb: List(Of T)
  fullName.vb: System.Collections.Generic.List(Of T)
  name.vb: List(Of T)
  spec.csharp:
  - uid: System.Collections.Generic.List`1
    name: List
    isExternal: true
    href: https://learn.microsoft.com/dotnet/api/system.collections.generic.list-1
  - name: <
  - name: T
  - name: '>'
  spec.vb:
  - uid: System.Collections.Generic.List`1
    name: List
    isExternal: true
    href: https://learn.microsoft.com/dotnet/api/system.collections.generic.list-1
  - name: (
  - name: Of
  - name: " "
  - name: T
  - name: )
- uid: ingot.Core.Content.Block.Block.DisplayName*
  commentId: Overload:ingot.Core.Content.Block.Block.DisplayName
  href: ingot.Core.Content.Block.Block.html#ingot_Core_Content_Block_Block_DisplayName
  name: DisplayName
  nameWithType: Block.DisplayName
  fullName: ingot.Core.Content.Block.Block.DisplayName
- uid: ingot.Core.Content.Block.Block.Friction*
  commentId: Overload:ingot.Core.Content.Block.Block.Friction
  href: ingot.Core.Content.Block.Block.html#ingot_Core_Content_Block_Block_Friction
  name: Friction
  nameWithType: Block.Friction
  fullName: ingot.Core.Content.Block.Block.Friction
- uid: System.Nullable{System.Single}
  commentId: T:System.Nullable{System.Single}
  parent: System
  definition: System.Nullable`1
  href: https://learn.microsoft.com/dotnet/api/system.single
  name: float?
  nameWithType: float?
  fullName: float?
  nameWithType.vb: Single?
  fullName.vb: Single?
  name.vb: Single?
  spec.csharp:
  - uid: System.Single
    name: float
    isExternal: true
    href: https://learn.microsoft.com/dotnet/api/system.single
  - name: '?'
  spec.vb:
  - uid: System.Single
    name: Single
    isExternal: true
    href: https://learn.microsoft.com/dotnet/api/system.single
  - name: '?'
- uid: System.Nullable`1
  commentId: T:System.Nullable`1
  isExternal: true
  href: https://learn.microsoft.com/dotnet/api/system.nullable-1
  name: Nullable<T>
  nameWithType: Nullable<T>
  fullName: System.Nullable<T>
  nameWithType.vb: Nullable(Of T)
  fullName.vb: System.Nullable(Of T)
  name.vb: Nullable(Of T)
  spec.csharp:
  - uid: System.Nullable`1
    name: Nullable
    isExternal: true
    href: https://learn.microsoft.com/dotnet/api/system.nullable-1
  - name: <
  - name: T
  - name: '>'
  spec.vb:
  - uid: System.Nullable`1
    name: Nullable
    isExternal: true
    href: https://learn.microsoft.com/dotnet/api/system.nullable-1
  - name: (
  - name: Of
  - name: " "
  - name: T
  - name: )
- uid: ingot.Core.Content.Block.Block.LightDampening*
  commentId: Overload:ingot.Core.Content.Block.Block.LightDampening
  href: ingot.Core.Content.Block.Block.html#ingot_Core_Content_Block_Block_LightDampening
  name: LightDampening
  nameWithType: Block.LightDampening
  fullName: ingot.Core.Content.Block.Block.LightDampening
- uid: System.Nullable{System.Int32}
  commentId: T:System.Nullable{System.Int32}
  parent: System
  definition: System.Nullable`1
  href: https://learn.microsoft.com/dotnet/api/system.int32
  name: int?
  nameWithType: int?
  fullName: int?
  nameWithType.vb: Integer?
  fullName.vb: Integer?
  name.vb: Integer?
  spec.csharp:
  - uid: System.Int32
    name: int
    isExternal: true
    href: https://learn.microsoft.com/dotnet/api/system.int32
  - name: '?'
  spec.vb:
  - uid: System.Int32
    name: Integer
    isExternal: true
    href: https://learn.microsoft.com/dotnet/api/system.int32
  - name: '?'
- uid: ingot.Core.Content.Block.Block.LightEmission*
  commentId: Overload:ingot.Core.Content.Block.Block.LightEmission
  href: ingot.Core.Content.Block.Block.html#ingot_Core_Content_Block_Block_LightEmission
  name: LightEmission
  nameWithType: Block.LightEmission
  fullName: ingot.Core.Content.Block.Block.LightEmission
- uid: ingot.Core.Content.Block.Block.Replaceable*
  commentId: Overload:ingot.Core.Content.Block.Block.Replaceable
  href: ingot.Core.Content.Block.Block.html#ingot_Core_Content_Block_Block_Replaceable
  name: Replaceable
  nameWithType: Block.Replaceable
  fullName: ingot.Core.Content.Block.Block.Replaceable
- uid: System.Nullable{System.Boolean}
  commentId: T:System.Nullable{System.Boolean}
  parent: System
  definition: System.Nullable`1
  href: https://learn.microsoft.com/dotnet/api/system.boolean
  name: bool?
  nameWithType: bool?
  fullName: bool?
  nameWithType.vb: Boolean?
  fullName.vb: Boolean?
  name.vb: Boolean?
  spec.csharp:
  - uid: System.Boolean
    name: bool
    isExternal: true
    href: https://learn.microsoft.com/dotnet/api/system.boolean
  - name: '?'
  spec.vb:
  - uid: System.Boolean
    name: Boolean
    isExternal: true
    href: https://learn.microsoft.com/dotnet/api/system.boolean
  - name: '?'
- uid: ingot.Core.Content.Block.Block.Loot*
  commentId: Overload:ingot.Core.Content.Block.Block.Loot
  href: ingot.Core.Content.Block.Block.html#ingot_Core_Content_Block_Block_Loot
  name: Loot
  nameWithType: Block.Loot
  fullName: ingot.Core.Content.Block.Block.Loot
- uid: ingot.Core.Content.Block.Block
  commentId: T:ingot.Core.Content.Block.Block
  parent: ingot.Core.Content.Block
  href: ingot.Core.Content.Block.Block.html
  name: Block
  nameWithType: Block
  fullName: ingot.Core.Content.Block.Block
- uid: ingot.Core.Content.Block.Block.MaterialInstances*
  commentId: Overload:ingot.Core.Content.Block.Block.MaterialInstances
  href: ingot.Core.Content.Block.Block.html#ingot_Core_Content_Block_Block_MaterialInstances
  name: MaterialInstances
  nameWithType: Block.MaterialInstances
  fullName: ingot.Core.Content.Block.Block.MaterialInstances
- uid: ingot.Core.Content.Block.MaterialInstances
  commentId: T:ingot.Core.Content.Block.MaterialInstances
  parent: ingot.Core.Content.Block
  href: ingot.Core.Content.Block.MaterialInstances.html
  name: MaterialInstances
  nameWithType: MaterialInstances
  fullName: ingot.Core.Content.Block.MaterialInstances
- uid: ingot.Core.Content.Block.Block.Compile*
  commentId: Overload:ingot.Core.Content.Block.Block.Compile
  href: ingot.Core.Content.Block.Block.html#ingot_Core_Content_Block_Block_Compile__1
  name: Compile
  nameWithType: Block.Compile
  fullName: ingot.Core.Content.Block.Block.Compile
- uid: System.Type
  commentId: T:System.Type
  parent: System
  isExternal: true
  href: https://learn.microsoft.com/dotnet/api/system.type
  name: Type
  nameWithType: Type
  fullName: System.Type
