### YamlMime:ManagedReference
items:
- uid: ingot.Core.TraitSystem.Traits.Block
  commentId: N:ingot.Core.TraitSystem.Traits.Block
  id: ingot.Core.TraitSystem.Traits.Block
  children:
  - ingot.Core.TraitSystem.Traits.Block.IChestObstruction
  - ingot.Core.TraitSystem.Traits.Block.ICollisionBox
  - ingot.Core.TraitSystem.Traits.Block.IConnectionRule
  - ingot.Core.TraitSystem.Traits.Block.ICraftingTable
  - ingot.Core.TraitSystem.Traits.Block.IDestructibleByExplosion
  - ingot.Core.TraitSystem.Traits.Block.IDestructibleByMining
  - ingot.Core.TraitSystem.Traits.Block.IDestructionParticles
  - ingot.Core.TraitSystem.Traits.Block.IEntityFallOn
  - ingot.Core.TraitSystem.Traits.Block.IFlammable
  - ingot.Core.TraitSystem.Traits.Block.IGeometry
  - ingot.Core.TraitSystem.Traits.Block.IInstrumentSound
  - ingot.Core.TraitSystem.Traits.Block.ILiquidDetection
  - ingot.Core.TraitSystem.Traits.Block.IMapColor
  - ingot.Core.TraitSystem.Traits.Block.IMovable
  - ingot.Core.TraitSystem.Traits.Block.IPlacementFilter
  - ingot.Core.TraitSystem.Traits.Block.IPrecipitationInteractions
  - ingot.Core.TraitSystem.Traits.Block.IRandomOffset
  - ingot.Core.TraitSystem.Traits.Block.IRedstoneConductivity
  - ingot.Core.TraitSystem.Traits.Block.IRedstoneConsumer
  - ingot.Core.TraitSystem.Traits.Block.IRedstoneProducer
  - ingot.Core.TraitSystem.Traits.Block.ISelectionBox
  - ingot.Core.TraitSystem.Traits.Block.ISupport
  - ingot.Core.TraitSystem.Traits.Block.ITick
  langs:
  - csharp
  - vb
  name: ingot.Core.TraitSystem.Traits.Block
  nameWithType: ingot.Core.TraitSystem.Traits.Block
  fullName: ingot.Core.TraitSystem.Traits.Block
  type: Namespace
  assemblies:
  - ingot.Core
references:
- uid: ingot.Core.TraitSystem.Traits.Block.IChestObstruction
  commentId: T:ingot.Core.TraitSystem.Traits.Block.IChestObstruction
  href: ingot.Core.TraitSystem.Traits.Block.IChestObstruction.html
  name: IChestObstruction
  nameWithType: IChestObstruction
  fullName: ingot.Core.TraitSystem.Traits.Block.IChestObstruction
- uid: ingot.Core.TraitSystem.Traits.Block.ICollisionBox
  commentId: T:ingot.Core.TraitSystem.Traits.Block.ICollisionBox
  href: ingot.Core.TraitSystem.Traits.Block.ICollisionBox.html
  name: ICollisionBox
  nameWithType: ICollisionBox
  fullName: ingot.Core.TraitSystem.Traits.Block.ICollisionBox
- uid: ingot.Core.TraitSystem.Traits.Block.IConnectionRule
  commentId: T:ingot.Core.TraitSystem.Traits.Block.IConnectionRule
  href: ingot.Core.TraitSystem.Traits.Block.IConnectionRule.html
  name: IConnectionRule
  nameWithType: IConnectionRule
  fullName: ingot.Core.TraitSystem.Traits.Block.IConnectionRule
- uid: ingot.Core.TraitSystem.Traits.Block.ICraftingTable
  commentId: T:ingot.Core.TraitSystem.Traits.Block.ICraftingTable
  href: ingot.Core.TraitSystem.Traits.Block.ICraftingTable.html
  name: ICraftingTable
  nameWithType: ICraftingTable
  fullName: ingot.Core.TraitSystem.Traits.Block.ICraftingTable
- uid: ingot.Core.TraitSystem.Traits.Block.IDestructibleByExplosion
  commentId: T:ingot.Core.TraitSystem.Traits.Block.IDestructibleByExplosion
  href: ingot.Core.TraitSystem.Traits.Block.IDestructibleByExplosion.html
  name: IDestructibleByExplosion
  nameWithType: IDestructibleByExplosion
  fullName: ingot.Core.TraitSystem.Traits.Block.IDestructibleByExplosion
- uid: ingot.Core.TraitSystem.Traits.Block.IDestructibleByMining
  commentId: T:ingot.Core.TraitSystem.Traits.Block.IDestructibleByMining
  href: ingot.Core.TraitSystem.Traits.Block.IDestructibleByMining.html
  name: IDestructibleByMining
  nameWithType: IDestructibleByMining
  fullName: ingot.Core.TraitSystem.Traits.Block.IDestructibleByMining
- uid: ingot.Core.TraitSystem.Traits.Block.IDestructionParticles
  commentId: T:ingot.Core.TraitSystem.Traits.Block.IDestructionParticles
  href: ingot.Core.TraitSystem.Traits.Block.IDestructionParticles.html
  name: IDestructionParticles
  nameWithType: IDestructionParticles
  fullName: ingot.Core.TraitSystem.Traits.Block.IDestructionParticles
- uid: ingot.Core.TraitSystem.Traits.Block.IEntityFallOn
  commentId: T:ingot.Core.TraitSystem.Traits.Block.IEntityFallOn
  href: ingot.Core.TraitSystem.Traits.Block.IEntityFallOn.html
  name: IEntityFallOn
  nameWithType: IEntityFallOn
  fullName: ingot.Core.TraitSystem.Traits.Block.IEntityFallOn
- uid: ingot.Core.TraitSystem.Traits.Block.IFlammable
  commentId: T:ingot.Core.TraitSystem.Traits.Block.IFlammable
  href: ingot.Core.TraitSystem.Traits.Block.IFlammable.html
  name: IFlammable
  nameWithType: IFlammable
  fullName: ingot.Core.TraitSystem.Traits.Block.IFlammable
- uid: ingot.Core.TraitSystem.Traits.Block.IGeometry
  commentId: T:ingot.Core.TraitSystem.Traits.Block.IGeometry
  href: ingot.Core.TraitSystem.Traits.Block.IGeometry.html
  name: IGeometry
  nameWithType: IGeometry
  fullName: ingot.Core.TraitSystem.Traits.Block.IGeometry
- uid: ingot.Core.TraitSystem.Traits.Block.IInstrumentSound
  commentId: T:ingot.Core.TraitSystem.Traits.Block.IInstrumentSound
  href: ingot.Core.TraitSystem.Traits.Block.IInstrumentSound.html
  name: IInstrumentSound
  nameWithType: IInstrumentSound
  fullName: ingot.Core.TraitSystem.Traits.Block.IInstrumentSound
- uid: ingot.Core.TraitSystem.Traits.Block.ILiquidDetection
  commentId: T:ingot.Core.TraitSystem.Traits.Block.ILiquidDetection
  href: ingot.Core.TraitSystem.Traits.Block.ILiquidDetection.html
  name: ILiquidDetection
  nameWithType: ILiquidDetection
  fullName: ingot.Core.TraitSystem.Traits.Block.ILiquidDetection
- uid: ingot.Core.TraitSystem.Traits.Block.IMapColor
  commentId: T:ingot.Core.TraitSystem.Traits.Block.IMapColor
  href: ingot.Core.TraitSystem.Traits.Block.IMapColor.html
  name: IMapColor
  nameWithType: IMapColor
  fullName: ingot.Core.TraitSystem.Traits.Block.IMapColor
- uid: ingot.Core.TraitSystem.Traits.Block.IMovable
  commentId: T:ingot.Core.TraitSystem.Traits.Block.IMovable
  href: ingot.Core.TraitSystem.Traits.Block.IMovable.html
  name: IMovable
  nameWithType: IMovable
  fullName: ingot.Core.TraitSystem.Traits.Block.IMovable
- uid: ingot.Core.TraitSystem.Traits.Block.IPlacementFilter
  commentId: T:ingot.Core.TraitSystem.Traits.Block.IPlacementFilter
  href: ingot.Core.TraitSystem.Traits.Block.IPlacementFilter.html
  name: IPlacementFilter
  nameWithType: IPlacementFilter
  fullName: ingot.Core.TraitSystem.Traits.Block.IPlacementFilter
- uid: ingot.Core.TraitSystem.Traits.Block.IPrecipitationInteractions
  commentId: T:ingot.Core.TraitSystem.Traits.Block.IPrecipitationInteractions
  href: ingot.Core.TraitSystem.Traits.Block.IPrecipitationInteractions.html
  name: IPrecipitationInteractions
  nameWithType: IPrecipitationInteractions
  fullName: ingot.Core.TraitSystem.Traits.Block.IPrecipitationInteractions
- uid: ingot.Core.TraitSystem.Traits.Block.IRandomOffset
  commentId: T:ingot.Core.TraitSystem.Traits.Block.IRandomOffset
  href: ingot.Core.TraitSystem.Traits.Block.IRandomOffset.html
  name: IRandomOffset
  nameWithType: IRandomOffset
  fullName: ingot.Core.TraitSystem.Traits.Block.IRandomOffset
- uid: ingot.Core.TraitSystem.Traits.Block.IRedstoneConductivity
  commentId: T:ingot.Core.TraitSystem.Traits.Block.IRedstoneConductivity
  href: ingot.Core.TraitSystem.Traits.Block.IRedstoneConductivity.html
  name: IRedstoneConductivity
  nameWithType: IRedstoneConductivity
  fullName: ingot.Core.TraitSystem.Traits.Block.IRedstoneConductivity
- uid: ingot.Core.TraitSystem.Traits.Block.IRedstoneConsumer
  commentId: T:ingot.Core.TraitSystem.Traits.Block.IRedstoneConsumer
  href: ingot.Core.TraitSystem.Traits.Block.IRedstoneConsumer.html
  name: IRedstoneConsumer
  nameWithType: IRedstoneConsumer
  fullName: ingot.Core.TraitSystem.Traits.Block.IRedstoneConsumer
- uid: ingot.Core.TraitSystem.Traits.Block.IRedstoneProducer
  commentId: T:ingot.Core.TraitSystem.Traits.Block.IRedstoneProducer
  href: ingot.Core.TraitSystem.Traits.Block.IRedstoneProducer.html
  name: IRedstoneProducer
  nameWithType: IRedstoneProducer
  fullName: ingot.Core.TraitSystem.Traits.Block.IRedstoneProducer
- uid: ingot.Core.TraitSystem.Traits.Block.ISelectionBox
  commentId: T:ingot.Core.TraitSystem.Traits.Block.ISelectionBox
  href: ingot.Core.TraitSystem.Traits.Block.ISelectionBox.html
  name: ISelectionBox
  nameWithType: ISelectionBox
  fullName: ingot.Core.TraitSystem.Traits.Block.ISelectionBox
- uid: ingot.Core.TraitSystem.Traits.Block.ISupport
  commentId: T:ingot.Core.TraitSystem.Traits.Block.ISupport
  href: ingot.Core.TraitSystem.Traits.Block.ISupport.html
  name: ISupport
  nameWithType: ISupport
  fullName: ingot.Core.TraitSystem.Traits.Block.ISupport
- uid: ingot.Core.TraitSystem.Traits.Block.ITick
  commentId: T:ingot.Core.TraitSystem.Traits.Block.ITick
  href: ingot.Core.TraitSystem.Traits.Block.ITick.html
  name: ITick
  nameWithType: ITick
  fullName: ingot.Core.TraitSystem.Traits.Block.ITick
